// !$*UTF8*$!
{
	archiveVersion = 1;
	classes = {
	};
	objectVersion = 46;
	objects = {

/* Begin PBXBuildFile section */
		1879128611363F5AB93C672756BBD34F /* ellipsoids.swift in Sources */ = {isa = PBXBuildFile; fileRef = 54B067FFD90FEF3140BF6CC58D20045C /* ellipsoids.swift */; };
		3E2443D75991BBA6AD645B41EC59E7BE /* MGRSConverter-dummy.m in Sources */ = {isa = PBXBuildFile; fileRef = CA64A7FF68E4123C8791D01B7781A80B /* MGRSConverter-dummy.m */; };
		46837FE2D29FEBA60C1DC1D1B698BA66 /* UTM.swift in Sources */ = {isa = PBXBuildFile; fileRef = 63A2B5D538C3158096FB9D96B0BDF43C /* UTM.swift */; };
		546254DDBD94D9769DF7E8ED0A812B7F /* datums.swift in Sources */ = {isa = PBXBuildFile; fileRef = B63DDC74F1110B3F59A0257F15FD1377 /* datums.swift */; };
		67946535F4129FCBED7ABADA60CBCF78 /* Pods-MGRSConverter_Example-umbrella.h in Headers */ = {isa = PBXBuildFile; fileRef = 1EAD4252BB9BDA8B80F159927D138CB4 /* Pods-MGRSConverter_Example-umbrella.h */; settings = {ATTRIBUTES = (Public, ); }; };
		73FE367CA6B793ACCC73AD687636CE93 /* dms.swift in Sources */ = {isa = PBXBuildFile; fileRef = 99ED76CD4E5038F2F0EF95D4DC89F139 /* dms.swift */; };
		75AB48E0E2FBE5D52DAF7D9111D17691 /* MGRS.swift in Sources */ = {isa = PBXBuildFile; fileRef = B394151CA9EA1946E7FA8A63739D0F12 /* MGRS.swift */; };
		767F5D6EE8F871E13EE7614E26F2C5DD /* String+getIntegerPosition.swift in Sources */ = {isa = PBXBuildFile; fileRef = 500EB796663C69BA718422805BE885AA /* String+getIntegerPosition.swift */; };
		8AB368469FC0BF9D73BDEEB0B776CF37 /* latlon-ellipsoidal.swift in Sources */ = {isa = PBXBuildFile; fileRef = 39A725847B86641AB23AD316A723BED4 /* latlon-ellipsoidal.swift */; };
		8FA5A5E357921474D7EB5A0A7F6945D3 /* Double+Extensions.swift in Sources */ = {isa = PBXBuildFile; fileRef = 053DF0FDE98D70A11DCA9B79585C1836 /* Double+Extensions.swift */; };
		B640FDAF0700E4532E2D54A329E2BF39 /* vector.swift in Sources */ = {isa = PBXBuildFile; fileRef = 193992A05081086069B2454D4A548669 /* vector.swift */; };
		C1971A6BBE88070D3D2B907F972D7A81 /* MGRSConverter-umbrella.h in Headers */ = {isa = PBXBuildFile; fileRef = EC50B9FAB3ADB52CDCA17C4DC31CCE80 /* MGRSConverter-umbrella.h */; settings = {ATTRIBUTES = (Public, ); }; };
		C3030853F02B7D0614AF87E85F99C8BC /* LatLon+toUTM.swift in Sources */ = {isa = PBXBuildFile; fileRef = 6BB63A9EEA08023B26D1C7AFD43EEB14 /* LatLon+toUTM.swift */; };
		C439E80837217E25AADFF025D8FACB9E /* String+toCharacter.swift in Sources */ = {isa = PBXBuildFile; fileRef = D90129DBE820E9D3924891E6C44A9A1B /* String+toCharacter.swift */; };
		C59521457713F145F591F12FF55A25EB /* Foundation.framework in Frameworks */ = {isa = PBXBuildFile; fileRef = 3212113385A8FBBDB272BD23C409FF61 /* Foundation.framework */; };
		C839B1E02D3019D4EE7BE8A633BF22F4 /* UTM+toMGRS.swift in Sources */ = {isa = PBXBuildFile; fileRef = F0996BEA897449A189E720BF608C56C6 /* UTM+toMGRS.swift */; };
		D99244B5D7E7F19F5E7439533BE83112 /* Coordinates.h in Headers */ = {isa = PBXBuildFile; fileRef = 2CF5E1F53D61F604F748126173600F1D /* Coordinates.h */; settings = {ATTRIBUTES = (Public, ); }; };
		D9AAF155613B7762E0D917186B105A40 /* Pods-MGRSConverter_Example-dummy.m in Sources */ = {isa = PBXBuildFile; fileRef = C0EFEC0F06F10B1E9C51F900165228FC /* Pods-MGRSConverter_Example-dummy.m */; };
		F665D4ED5AAB55174D4CA2EEA1D08AB8 /* Foundation.framework in Frameworks */ = {isa = PBXBuildFile; fileRef = 3212113385A8FBBDB272BD23C409FF61 /* Foundation.framework */; };
/* End PBXBuildFile section */

/* Begin PBXContainerItemProxy section */
		875EF3508BFE8180FA57A307264EC225 /* PBXContainerItemProxy */ = {
			isa = PBXContainerItemProxy;
			containerPortal = BFDFE7DC352907FC980B868725387E98 /* Project object */;
			proxyType = 1;
			remoteGlobalIDString = 962AD7179D6E9A663C9837D0966961E5;
			remoteInfo = MGRSConverter;
		};
/* End PBXContainerItemProxy section */

/* Begin PBXFileReference section */
		053DF0FDE98D70A11DCA9B79585C1836 /* Double+Extensions.swift */ = {isa = PBXFileReference; includeInIndex = 1; lastKnownFileType = sourcecode.swift; name = "Double+Extensions.swift"; path = "MGRSConverter/Classes/Double+Extensions.swift"; sourceTree = "<group>"; };
		13185C9F01B06B9F966B37B153D5287A /* Pods_MGRSConverter_Example.framework */ = {isa = PBXFileReference; explicitFileType = wrapper.framework; includeInIndex = 0; path = Pods_MGRSConverter_Example.framework; sourceTree = BUILT_PRODUCTS_DIR; };
		193992A05081086069B2454D4A548669 /* vector.swift */ = {isa = PBXFileReference; includeInIndex = 1; lastKnownFileType = sourcecode.swift; name = vector.swift; path = MGRSConverter/Classes/vector.swift; sourceTree = "<group>"; };
		1EAD4252BB9BDA8B80F159927D138CB4 /* Pods-MGRSConverter_Example-umbrella.h */ = {isa = PBXFileReference; includeInIndex = 1; lastKnownFileType = sourcecode.c.h; path = "Pods-MGRSConverter_Example-umbrella.h"; sourceTree = "<group>"; };
		2CF5E1F53D61F604F748126173600F1D /* Coordinates.h */ = {isa = PBXFileReference; includeInIndex = 1; lastKnownFileType = sourcecode.c.h; name = Coordinates.h; path = MGRSConverter/Classes/Coordinates.h; sourceTree = "<group>"; };
		3212113385A8FBBDB272BD23C409FF61 /* Foundation.framework */ = {isa = PBXFileReference; lastKnownFileType = wrapper.framework; name = Foundation.framework; path = Platforms/iPhoneOS.platform/Developer/SDKs/iPhoneOS12.2.sdk/System/Library/Frameworks/Foundation.framework; sourceTree = DEVELOPER_DIR; };
		35CDC8FF486A7CACC100CCC60483D6F0 /* MGRSConverter.podspec */ = {isa = PBXFileReference; explicitFileType = text.script.ruby; includeInIndex = 1; indentWidth = 2; path = MGRSConverter.podspec; sourceTree = "<group>"; tabWidth = 2; xcLanguageSpecificationIdentifier = xcode.lang.ruby; };
		380ECB7B997DA6EB30B8785B23464E2D /* Pods-MGRSConverter_Example-acknowledgements.plist */ = {isa = PBXFileReference; includeInIndex = 1; lastKnownFileType = text.plist.xml; path = "Pods-MGRSConverter_Example-acknowledgements.plist"; sourceTree = "<group>"; };
		39A725847B86641AB23AD316A723BED4 /* latlon-ellipsoidal.swift */ = {isa = PBXFileReference; includeInIndex = 1; lastKnownFileType = sourcecode.swift; name = "latlon-ellipsoidal.swift"; path = "MGRSConverter/Classes/latlon-ellipsoidal.swift"; sourceTree = "<group>"; };
		3EDF3DFD7DD4D61FD6AAEA92AFC0AD7A /* Pods-MGRSConverter_Example-Info.plist */ = {isa = PBXFileReference; includeInIndex = 1; lastKnownFileType = text.plist.xml; path = "Pods-MGRSConverter_Example-Info.plist"; sourceTree = "<group>"; };
		4FE806291BE094504303883AE4F8E4B8 /* README.md */ = {isa = PBXFileReference; includeInIndex = 1; lastKnownFileType = net.daringfireball.markdown; path = README.md; sourceTree = "<group>"; };
		500EB796663C69BA718422805BE885AA /* String+getIntegerPosition.swift */ = {isa = PBXFileReference; includeInIndex = 1; lastKnownFileType = sourcecode.swift; name = "String+getIntegerPosition.swift"; path = "MGRSConverter/Classes/String+getIntegerPosition.swift"; sourceTree = "<group>"; };
		54B067FFD90FEF3140BF6CC58D20045C /* ellipsoids.swift */ = {isa = PBXFileReference; includeInIndex = 1; lastKnownFileType = sourcecode.swift; name = ellipsoids.swift; path = MGRSConverter/Classes/ellipsoids.swift; sourceTree = "<group>"; };
		5C61F3134DFC2C164B92841A051AF400 /* MGRSConverter.framework */ = {isa = PBXFileReference; explicitFileType = wrapper.framework; includeInIndex = 0; path = MGRSConverter.framework; sourceTree = BUILT_PRODUCTS_DIR; };
		63A2B5D538C3158096FB9D96B0BDF43C /* UTM.swift */ = {isa = PBXFileReference; includeInIndex = 1; lastKnownFileType = sourcecode.swift; name = UTM.swift; path = MGRSConverter/Classes/UTM.swift; sourceTree = "<group>"; };
		6BB63A9EEA08023B26D1C7AFD43EEB14 /* LatLon+toUTM.swift */ = {isa = PBXFileReference; includeInIndex = 1; lastKnownFileType = sourcecode.swift; name = "LatLon+toUTM.swift"; path = "MGRSConverter/Classes/LatLon+toUTM.swift"; sourceTree = "<group>"; };
		6E3593950CC1F314598EA03A50C77310 /* Pods-MGRSConverter_Example.release.xcconfig */ = {isa = PBXFileReference; includeInIndex = 1; lastKnownFileType = text.xcconfig; path = "Pods-MGRSConverter_Example.release.xcconfig"; sourceTree = "<group>"; };
		86E9D1E95FD65D33A69C4872A293A479 /* MGRSConverter.modulemap */ = {isa = PBXFileReference; includeInIndex = 1; lastKnownFileType = sourcecode.module; path = MGRSConverter.modulemap; sourceTree = "<group>"; };
		8A0CE752DD88F5A6320CBD96BACC54B7 /* MGRSConverter.xcconfig */ = {isa = PBXFileReference; includeInIndex = 1; lastKnownFileType = text.xcconfig; path = MGRSConverter.xcconfig; sourceTree = "<group>"; };
		942283B9D2E0863967387FF0AD474E80 /* Pods-MGRSConverter_Example-frameworks.sh */ = {isa = PBXFileReference; includeInIndex = 1; lastKnownFileType = text.script.sh; path = "Pods-MGRSConverter_Example-frameworks.sh"; sourceTree = "<group>"; };
		99ED76CD4E5038F2F0EF95D4DC89F139 /* dms.swift */ = {isa = PBXFileReference; includeInIndex = 1; lastKnownFileType = sourcecode.swift; name = dms.swift; path = MGRSConverter/Classes/dms.swift; sourceTree = "<group>"; };
		9D940727FF8FB9C785EB98E56350EF41 /* Podfile */ = {isa = PBXFileReference; explicitFileType = text.script.ruby; includeInIndex = 1; indentWidth = 2; name = Podfile; path = ../Podfile; sourceTree = SOURCE_ROOT; tabWidth = 2; xcLanguageSpecificationIdentifier = xcode.lang.ruby; };
		ABFC71C19ADB93857AA3462DF3A70EBC /* Pods-MGRSConverter_Example.debug.xcconfig */ = {isa = PBXFileReference; includeInIndex = 1; lastKnownFileType = text.xcconfig; path = "Pods-MGRSConverter_Example.debug.xcconfig"; sourceTree = "<group>"; };
		B394151CA9EA1946E7FA8A63739D0F12 /* MGRS.swift */ = {isa = PBXFileReference; includeInIndex = 1; lastKnownFileType = sourcecode.swift; name = MGRS.swift; path = MGRSConverter/Classes/MGRS.swift; sourceTree = "<group>"; };
		B63DDC74F1110B3F59A0257F15FD1377 /* datums.swift */ = {isa = PBXFileReference; includeInIndex = 1; lastKnownFileType = sourcecode.swift; name = datums.swift; path = MGRSConverter/Classes/datums.swift; sourceTree = "<group>"; };
		C05960283327E2F76E9ACB0D0F9B3FC6 /* LICENSE */ = {isa = PBXFileReference; includeInIndex = 1; lastKnownFileType = text; path = LICENSE; sourceTree = "<group>"; };
		C0EFEC0F06F10B1E9C51F900165228FC /* Pods-MGRSConverter_Example-dummy.m */ = {isa = PBXFileReference; includeInIndex = 1; lastKnownFileType = sourcecode.c.objc; path = "Pods-MGRSConverter_Example-dummy.m"; sourceTree = "<group>"; };
		CA64A7FF68E4123C8791D01B7781A80B /* MGRSConverter-dummy.m */ = {isa = PBXFileReference; includeInIndex = 1; lastKnownFileType = sourcecode.c.objc; path = "MGRSConverter-dummy.m"; sourceTree = "<group>"; };
		D90129DBE820E9D3924891E6C44A9A1B /* String+toCharacter.swift */ = {isa = PBXFileReference; includeInIndex = 1; lastKnownFileType = sourcecode.swift; name = "String+toCharacter.swift"; path = "MGRSConverter/Classes/String+toCharacter.swift"; sourceTree = "<group>"; };
		DA53AA25BD9819437D373A5543F6F9F1 /* Pods-MGRSConverter_Example-acknowledgements.markdown */ = {isa = PBXFileReference; includeInIndex = 1; lastKnownFileType = text; path = "Pods-MGRSConverter_Example-acknowledgements.markdown"; sourceTree = "<group>"; };
		DEBA7A0E57B7856D0449A5B7A89D4398 /* Pods-MGRSConverter_Example.modulemap */ = {isa = PBXFileReference; includeInIndex = 1; lastKnownFileType = sourcecode.module; path = "Pods-MGRSConverter_Example.modulemap"; sourceTree = "<group>"; };
		DF3444C3EB2F2882B2A1183B496D390F /* MGRSConverter-prefix.pch */ = {isa = PBXFileReference; includeInIndex = 1; lastKnownFileType = sourcecode.c.h; path = "MGRSConverter-prefix.pch"; sourceTree = "<group>"; };
		EC50B9FAB3ADB52CDCA17C4DC31CCE80 /* MGRSConverter-umbrella.h */ = {isa = PBXFileReference; includeInIndex = 1; lastKnownFileType = sourcecode.c.h; path = "MGRSConverter-umbrella.h"; sourceTree = "<group>"; };
		F0996BEA897449A189E720BF608C56C6 /* UTM+toMGRS.swift */ = {isa = PBXFileReference; includeInIndex = 1; lastKnownFileType = sourcecode.swift; name = "UTM+toMGRS.swift"; path = "MGRSConverter/Classes/UTM+toMGRS.swift"; sourceTree = "<group>"; };
		FBD1785CE4701A39F5CE07A440C63412 /* MGRSConverter-Info.plist */ = {isa = PBXFileReference; includeInIndex = 1; lastKnownFileType = text.plist.xml; path = "MGRSConverter-Info.plist"; sourceTree = "<group>"; };
/* End PBXFileReference section */

/* Begin PBXFrameworksBuildPhase section */
		142306521CF3922CA7D82B3E7C5DC874 /* Frameworks */ = {
			isa = PBXFrameworksBuildPhase;
			buildActionMask = 2147483647;
			files = (
				F665D4ED5AAB55174D4CA2EEA1D08AB8 /* Foundation.framework in Frameworks */,
			);
			runOnlyForDeploymentPostprocessing = 0;
		};
		51F1A85939125B14D4FC140AEBFB9FA9 /* Frameworks */ = {
			isa = PBXFrameworksBuildPhase;
			buildActionMask = 2147483647;
			files = (
				C59521457713F145F591F12FF55A25EB /* Foundation.framework in Frameworks */,
			);
			runOnlyForDeploymentPostprocessing = 0;
		};
/* End PBXFrameworksBuildPhase section */

/* Begin PBXGroup section */
		23260021950D54E3639DA15D2B7428C0 /* Pods-MGRSConverter_Example */ = {
			isa = PBXGroup;
			children = (
				DEBA7A0E57B7856D0449A5B7A89D4398 /* Pods-MGRSConverter_Example.modulemap */,
				DA53AA25BD9819437D373A5543F6F9F1 /* Pods-MGRSConverter_Example-acknowledgements.markdown */,
				380ECB7B997DA6EB30B8785B23464E2D /* Pods-MGRSConverter_Example-acknowledgements.plist */,
				C0EFEC0F06F10B1E9C51F900165228FC /* Pods-MGRSConverter_Example-dummy.m */,
				942283B9D2E0863967387FF0AD474E80 /* Pods-MGRSConverter_Example-frameworks.sh */,
				3EDF3DFD7DD4D61FD6AAEA92AFC0AD7A /* Pods-MGRSConverter_Example-Info.plist */,
				1EAD4252BB9BDA8B80F159927D138CB4 /* Pods-MGRSConverter_Example-umbrella.h */,
				ABFC71C19ADB93857AA3462DF3A70EBC /* Pods-MGRSConverter_Example.debug.xcconfig */,
				6E3593950CC1F314598EA03A50C77310 /* Pods-MGRSConverter_Example.release.xcconfig */,
			);
			name = "Pods-MGRSConverter_Example";
			path = "Target Support Files/Pods-MGRSConverter_Example";
			sourceTree = "<group>";
		};
		45553E40602725914BAE4A8027B213A3 /* Targets Support Files */ = {
			isa = PBXGroup;
			children = (
				23260021950D54E3639DA15D2B7428C0 /* Pods-MGRSConverter_Example */,
			);
			name = "Targets Support Files";
			sourceTree = "<group>";
		};
		465B1A4713B4F95A2597E8AB7465FEEF /* Support Files */ = {
			isa = PBXGroup;
			children = (
				86E9D1E95FD65D33A69C4872A293A479 /* MGRSConverter.modulemap */,
				8A0CE752DD88F5A6320CBD96BACC54B7 /* MGRSConverter.xcconfig */,
				CA64A7FF68E4123C8791D01B7781A80B /* MGRSConverter-dummy.m */,
				FBD1785CE4701A39F5CE07A440C63412 /* MGRSConverter-Info.plist */,
				DF3444C3EB2F2882B2A1183B496D390F /* MGRSConverter-prefix.pch */,
				EC50B9FAB3ADB52CDCA17C4DC31CCE80 /* MGRSConverter-umbrella.h */,
			);
			name = "Support Files";
			path = "Example/Pods/Target Support Files/MGRSConverter";
			sourceTree = "<group>";
		};
		5D46AE76DDBEF0F585FB3E22C9D90AC1 /* Pod */ = {
			isa = PBXGroup;
			children = (
				C05960283327E2F76E9ACB0D0F9B3FC6 /* LICENSE */,
				35CDC8FF486A7CACC100CCC60483D6F0 /* MGRSConverter.podspec */,
				4FE806291BE094504303883AE4F8E4B8 /* README.md */,
			);
			name = Pod;
			sourceTree = "<group>";
		};
		BDA2290745F08249AF5069DAE2E77D0D /* MGRSConverter */ = {
			isa = PBXGroup;
			children = (
				2CF5E1F53D61F604F748126173600F1D /* Coordinates.h */,
				B63DDC74F1110B3F59A0257F15FD1377 /* datums.swift */,
				99ED76CD4E5038F2F0EF95D4DC89F139 /* dms.swift */,
				053DF0FDE98D70A11DCA9B79585C1836 /* Double+Extensions.swift */,
				54B067FFD90FEF3140BF6CC58D20045C /* ellipsoids.swift */,
				6BB63A9EEA08023B26D1C7AFD43EEB14 /* LatLon+toUTM.swift */,
				39A725847B86641AB23AD316A723BED4 /* latlon-ellipsoidal.swift */,
				B394151CA9EA1946E7FA8A63739D0F12 /* MGRS.swift */,
				500EB796663C69BA718422805BE885AA /* String+getIntegerPosition.swift */,
				D90129DBE820E9D3924891E6C44A9A1B /* String+toCharacter.swift */,
				63A2B5D538C3158096FB9D96B0BDF43C /* UTM.swift */,
				F0996BEA897449A189E720BF608C56C6 /* UTM+toMGRS.swift */,
				193992A05081086069B2454D4A548669 /* vector.swift */,
				5D46AE76DDBEF0F585FB3E22C9D90AC1 /* Pod */,
				465B1A4713B4F95A2597E8AB7465FEEF /* Support Files */,
			);
			name = MGRSConverter;
			path = ../..;
			sourceTree = "<group>";
		};
		C0834CEBB1379A84116EF29F93051C60 /* iOS */ = {
			isa = PBXGroup;
			children = (
				3212113385A8FBBDB272BD23C409FF61 /* Foundation.framework */,
			);
			name = iOS;
			sourceTree = "<group>";
		};
		C6922E985B706BFC9DFAB569EF358215 /* Products */ = {
			isa = PBXGroup;
			children = (
				5C61F3134DFC2C164B92841A051AF400 /* MGRSConverter.framework */,
				13185C9F01B06B9F966B37B153D5287A /* Pods_MGRSConverter_Example.framework */,
			);
			name = Products;
			sourceTree = "<group>";
		};
		CF1408CF629C7361332E53B88F7BD30C = {
			isa = PBXGroup;
			children = (
				9D940727FF8FB9C785EB98E56350EF41 /* Podfile */,
				D015BDDBE08269D771A539F2255A7D22 /* Development Pods */,
				D210D550F4EA176C3123ED886F8F87F5 /* Frameworks */,
				C6922E985B706BFC9DFAB569EF358215 /* Products */,
				45553E40602725914BAE4A8027B213A3 /* Targets Support Files */,
			);
			sourceTree = "<group>";
		};
		D015BDDBE08269D771A539F2255A7D22 /* Development Pods */ = {
			isa = PBXGroup;
			children = (
				BDA2290745F08249AF5069DAE2E77D0D /* MGRSConverter */,
			);
			name = "Development Pods";
			sourceTree = "<group>";
		};
		D210D550F4EA176C3123ED886F8F87F5 /* Frameworks */ = {
			isa = PBXGroup;
			children = (
				C0834CEBB1379A84116EF29F93051C60 /* iOS */,
			);
			name = Frameworks;
			sourceTree = "<group>";
		};
/* End PBXGroup section */

/* Begin PBXHeadersBuildPhase section */
		B07404A104FB34B631D54FFA8AD02D91 /* Headers */ = {
			isa = PBXHeadersBuildPhase;
			buildActionMask = 2147483647;
			files = (
				D99244B5D7E7F19F5E7439533BE83112 /* Coordinates.h in Headers */,
				C1971A6BBE88070D3D2B907F972D7A81 /* MGRSConverter-umbrella.h in Headers */,
			);
			runOnlyForDeploymentPostprocessing = 0;
		};
		CEE0969074241D43BF426541EE45A296 /* Headers */ = {
			isa = PBXHeadersBuildPhase;
			buildActionMask = 2147483647;
			files = (
				67946535F4129FCBED7ABADA60CBCF78 /* Pods-MGRSConverter_Example-umbrella.h in Headers */,
			);
			runOnlyForDeploymentPostprocessing = 0;
		};
/* End PBXHeadersBuildPhase section */

/* Begin PBXNativeTarget section */
		962AD7179D6E9A663C9837D0966961E5 /* MGRSConverter */ = {
			isa = PBXNativeTarget;
			buildConfigurationList = 39694F054AB898CF134329B4704023EB /* Build configuration list for PBXNativeTarget "MGRSConverter" */;
			buildPhases = (
				B07404A104FB34B631D54FFA8AD02D91 /* Headers */,
				03E1745DD18DB096407EC35AE42DA430 /* Sources */,
				142306521CF3922CA7D82B3E7C5DC874 /* Frameworks */,
				D01CC5A104BC79C680DEC9D8517F3AE1 /* Resources */,
			);
			buildRules = (
			);
			dependencies = (
			);
			name = MGRSConverter;
			productName = MGRSConverter;
			productReference = 5C61F3134DFC2C164B92841A051AF400 /* MGRSConverter.framework */;
			productType = "com.apple.product-type.framework";
		};
		A3998FDDC0F4CECD33283AAC86A300F8 /* Pods-MGRSConverter_Example */ = {
			isa = PBXNativeTarget;
			buildConfigurationList = 499AC19DB18C9630CD8E300CB73BAF77 /* Build configuration list for PBXNativeTarget "Pods-MGRSConverter_Example" */;
			buildPhases = (
				CEE0969074241D43BF426541EE45A296 /* Headers */,
				56B60F706B534673AF4F2E886B401D87 /* Sources */,
				51F1A85939125B14D4FC140AEBFB9FA9 /* Frameworks */,
				10BB57045D6622515CE6AD2AEE99BC63 /* Resources */,
			);
			buildRules = (
			);
			dependencies = (
				F4AD59492AD466DDE2A4C96A84C2D4EE /* PBXTargetDependency */,
			);
			name = "Pods-MGRSConverter_Example";
			productName = "Pods-MGRSConverter_Example";
			productReference = 13185C9F01B06B9F966B37B153D5287A /* Pods_MGRSConverter_Example.framework */;
			productType = "com.apple.product-type.framework";
		};
/* End PBXNativeTarget section */

/* Begin PBXProject section */
		BFDFE7DC352907FC980B868725387E98 /* Project object */ = {
			isa = PBXProject;
			attributes = {
				LastSwiftUpdateCheck = 1100;
				LastUpgradeCheck = 1100;
				TargetAttributes = {
					962AD7179D6E9A663C9837D0966961E5 = {
						LastSwiftMigration = 1130;
					};
				};
			};
			buildConfigurationList = 4821239608C13582E20E6DA73FD5F1F9 /* Build configuration list for PBXProject "Pods" */;
			compatibilityVersion = "Xcode 3.2";
			developmentRegion = en;
			hasScannedForEncodings = 0;
			knownRegions = (
				en,
				Base,
			);
			mainGroup = CF1408CF629C7361332E53B88F7BD30C;
			productRefGroup = C6922E985B706BFC9DFAB569EF358215 /* Products */;
			projectDirPath = "";
			projectRoot = "";
			targets = (
				962AD7179D6E9A663C9837D0966961E5 /* MGRSConverter */,
				A3998FDDC0F4CECD33283AAC86A300F8 /* Pods-MGRSConverter_Example */,
			);
		};
/* End PBXProject section */

/* Begin PBXResourcesBuildPhase section */
		10BB57045D6622515CE6AD2AEE99BC63 /* Resources */ = {
			isa = PBXResourcesBuildPhase;
			buildActionMask = 2147483647;
			files = (
			);
			runOnlyForDeploymentPostprocessing = 0;
		};
		D01CC5A104BC79C680DEC9D8517F3AE1 /* Resources */ = {
			isa = PBXResourcesBuildPhase;
			buildActionMask = 2147483647;
			files = (
			);
			runOnlyForDeploymentPostprocessing = 0;
		};
/* End PBXResourcesBuildPhase section */

/* Begin PBXSourcesBuildPhase section */
		03E1745DD18DB096407EC35AE42DA430 /* Sources */ = {
			isa = PBXSourcesBuildPhase;
			buildActionMask = 2147483647;
			files = (
				546254DDBD94D9769DF7E8ED0A812B7F /* datums.swift in Sources */,
				73FE367CA6B793ACCC73AD687636CE93 /* dms.swift in Sources */,
				8FA5A5E357921474D7EB5A0A7F6945D3 /* Double+Extensions.swift in Sources */,
				1879128611363F5AB93C672756BBD34F /* ellipsoids.swift in Sources */,
				C3030853F02B7D0614AF87E85F99C8BC /* LatLon+toUTM.swift in Sources */,
				8AB368469FC0BF9D73BDEEB0B776CF37 /* latlon-ellipsoidal.swift in Sources */,
				75AB48E0E2FBE5D52DAF7D9111D17691 /* MGRS.swift in Sources */,
				3E2443D75991BBA6AD645B41EC59E7BE /* MGRSConverter-dummy.m in Sources */,
				767F5D6EE8F871E13EE7614E26F2C5DD /* String+getIntegerPosition.swift in Sources */,
				C439E80837217E25AADFF025D8FACB9E /* String+toCharacter.swift in Sources */,
				C839B1E02D3019D4EE7BE8A633BF22F4 /* UTM+toMGRS.swift in Sources */,
				46837FE2D29FEBA60C1DC1D1B698BA66 /* UTM.swift in Sources */,
				B640FDAF0700E4532E2D54A329E2BF39 /* vector.swift in Sources */,
			);
			runOnlyForDeploymentPostprocessing = 0;
		};
		56B60F706B534673AF4F2E886B401D87 /* Sources */ = {
			isa = PBXSourcesBuildPhase;
			buildActionMask = 2147483647;
			files = (
				D9AAF155613B7762E0D917186B105A40 /* Pods-MGRSConverter_Example-dummy.m in Sources */,
			);
			runOnlyForDeploymentPostprocessing = 0;
		};
/* End PBXSourcesBuildPhase section */

/* Begin PBXTargetDependency section */
		F4AD59492AD466DDE2A4C96A84C2D4EE /* PBXTargetDependency */ = {
			isa = PBXTargetDependency;
			name = MGRSConverter;
			target = 962AD7179D6E9A663C9837D0966961E5 /* MGRSConverter */;
			targetProxy = 875EF3508BFE8180FA57A307264EC225 /* PBXContainerItemProxy */;
		};
/* End PBXTargetDependency section */

/* Begin XCBuildConfiguration section */
		0A2BC938F04CCB2BB8E462D5CB8718A1 /* Debug */ = {
			isa = XCBuildConfiguration;
			baseConfigurationReference = ABFC71C19ADB93857AA3462DF3A70EBC /* Pods-MGRSConverter_Example.debug.xcconfig */;
			buildSettings = {
				ALWAYS_EMBED_SWIFT_STANDARD_LIBRARIES = NO;
				CODE_SIGN_IDENTITY = "";
				"CODE_SIGN_IDENTITY[sdk=appletvos*]" = "";
				"CODE_SIGN_IDENTITY[sdk=iphoneos*]" = "";
				"CODE_SIGN_IDENTITY[sdk=watchos*]" = "";
				CURRENT_PROJECT_VERSION = 1;
				DEFINES_MODULE = YES;
				DYLIB_COMPATIBILITY_VERSION = 1;
				DYLIB_CURRENT_VERSION = 1;
				DYLIB_INSTALL_NAME_BASE = "@rpath";
				INFOPLIST_FILE = "Target Support Files/Pods-MGRSConverter_Example/Pods-MGRSConverter_Example-Info.plist";
				INSTALL_PATH = "$(LOCAL_LIBRARY_DIR)/Frameworks";
				IPHONEOS_DEPLOYMENT_TARGET = 9.3;
				LD_RUNPATH_SEARCH_PATHS = "$(inherited) @executable_path/Frameworks @loader_path/Frameworks";
				MACH_O_TYPE = staticlib;
				MODULEMAP_FILE = "Target Support Files/Pods-MGRSConverter_Example/Pods-MGRSConverter_Example.modulemap";
				OTHER_LDFLAGS = "";
				OTHER_LIBTOOLFLAGS = "";
				PODS_ROOT = "$(SRCROOT)";
				PRODUCT_BUNDLE_IDENTIFIER = "org.cocoapods.${PRODUCT_NAME:rfc1034identifier}";
				PRODUCT_NAME = "$(TARGET_NAME:c99extidentifier)";
				SDKROOT = iphoneos;
				SKIP_INSTALL = YES;
				TARGETED_DEVICE_FAMILY = "1,2";
				VERSIONING_SYSTEM = "apple-generic";
				VERSION_INFO_PREFIX = "";
			};
			name = Debug;
		};
		45CFC9D261E355199CCC044C903AB6E1 /* Release */ = {
			isa = XCBuildConfiguration;
			baseConfigurationReference = 8A0CE752DD88F5A6320CBD96BACC54B7 /* MGRSConverter.xcconfig */;
			buildSettings = {
				CODE_SIGN_IDENTITY = "";
				"CODE_SIGN_IDENTITY[sdk=appletvos*]" = "";
				"CODE_SIGN_IDENTITY[sdk=iphoneos*]" = "";
				"CODE_SIGN_IDENTITY[sdk=watchos*]" = "";
				CURRENT_PROJECT_VERSION = 1;
				DEFINES_MODULE = YES;
				DYLIB_COMPATIBILITY_VERSION = 1;
				DYLIB_CURRENT_VERSION = 1;
				DYLIB_INSTALL_NAME_BASE = "@rpath";
				GCC_PREFIX_HEADER = "Target Support Files/MGRSConverter/MGRSConverter-prefix.pch";
				INFOPLIST_FILE = "Target Support Files/MGRSConverter/MGRSConverter-Info.plist";
				INSTALL_PATH = "$(LOCAL_LIBRARY_DIR)/Frameworks";
				IPHONEOS_DEPLOYMENT_TARGET = 8.0;
				LD_RUNPATH_SEARCH_PATHS = "$(inherited) @executable_path/Frameworks @loader_path/Frameworks";
				MODULEMAP_FILE = "Target Support Files/MGRSConverter/MGRSConverter.modulemap";
				PRODUCT_MODULE_NAME = MGRSConverter;
				PRODUCT_NAME = MGRSConverter;
				SDKROOT = iphoneos;
				SKIP_INSTALL = YES;
				SWIFT_ACTIVE_COMPILATION_CONDITIONS = "$(inherited) ";
				SWIFT_VERSION = 5.0;
				TARGETED_DEVICE_FAMILY = "1,2";
				VALIDATE_PRODUCT = YES;
				VERSIONING_SYSTEM = "apple-generic";
				VERSION_INFO_PREFIX = "";
			};
			name = Release;
		};
		85A36E6A99DA74095698D4A018F2508F /* Debug */ = {
			isa = XCBuildConfiguration;
			baseConfigurationReference = 8A0CE752DD88F5A6320CBD96BACC54B7 /* MGRSConverter.xcconfig */;
			buildSettings = {
				CODE_SIGN_IDENTITY = "";
				"CODE_SIGN_IDENTITY[sdk=appletvos*]" = "";
				"CODE_SIGN_IDENTITY[sdk=iphoneos*]" = "";
				"CODE_SIGN_IDENTITY[sdk=watchos*]" = "";
				CURRENT_PROJECT_VERSION = 1;
				DEFINES_MODULE = YES;
				DYLIB_COMPATIBILITY_VERSION = 1;
				DYLIB_CURRENT_VERSION = 1;
				DYLIB_INSTALL_NAME_BASE = "@rpath";
				GCC_PREFIX_HEADER = "Target Support Files/MGRSConverter/MGRSConverter-prefix.pch";
				INFOPLIST_FILE = "Target Support Files/MGRSConverter/MGRSConverter-Info.plist";
				INSTALL_PATH = "$(LOCAL_LIBRARY_DIR)/Frameworks";
				IPHONEOS_DEPLOYMENT_TARGET = 8.0;
				LD_RUNPATH_SEARCH_PATHS = "$(inherited) @executable_path/Frameworks @loader_path/Frameworks";
				MODULEMAP_FILE = "Target Support Files/MGRSConverter/MGRSConverter.modulemap";
				PRODUCT_MODULE_NAME = MGRSConverter;
				PRODUCT_NAME = MGRSConverter;
				SDKROOT = iphoneos;
				SKIP_INSTALL = YES;
				SWIFT_ACTIVE_COMPILATION_CONDITIONS = "$(inherited) ";
				SWIFT_VERSION = 5.0;
				TARGETED_DEVICE_FAMILY = "1,2";
				VERSIONING_SYSTEM = "apple-generic";
				VERSION_INFO_PREFIX = "";
			};
			name = Debug;
		};
		B0087CB4594321EF41619F3181FE120E /* Release */ = {
			isa = XCBuildConfiguration;
			buildSettings = {
				ALWAYS_SEARCH_USER_PATHS = NO;
				CLANG_ANALYZER_NONNULL = YES;
				CLANG_ANALYZER_NUMBER_OBJECT_CONVERSION = YES_AGGRESSIVE;
				CLANG_CXX_LANGUAGE_STANDARD = "gnu++14";
				CLANG_CXX_LIBRARY = "libc++";
				CLANG_ENABLE_MODULES = YES;
				CLANG_ENABLE_OBJC_ARC = YES;
				CLANG_ENABLE_OBJC_WEAK = YES;
				CLANG_WARN_BLOCK_CAPTURE_AUTORELEASING = YES;
				CLANG_WARN_BOOL_CONVERSION = YES;
				CLANG_WARN_COMMA = YES;
				CLANG_WARN_CONSTANT_CONVERSION = YES;
				CLANG_WARN_DEPRECATED_OBJC_IMPLEMENTATIONS = YES;
				CLANG_WARN_DIRECT_OBJC_ISA_USAGE = YES_ERROR;
				CLANG_WARN_DOCUMENTATION_COMMENTS = YES;
				CLANG_WARN_EMPTY_BODY = YES;
				CLANG_WARN_ENUM_CONVERSION = YES;
				CLANG_WARN_INFINITE_RECURSION = YES;
				CLANG_WARN_INT_CONVERSION = YES;
				CLANG_WARN_NON_LITERAL_NULL_CONVERSION = YES;
				CLANG_WARN_OBJC_IMPLICIT_RETAIN_SELF = YES;
				CLANG_WARN_OBJC_LITERAL_CONVERSION = YES;
				CLANG_WARN_OBJC_ROOT_CLASS = YES_ERROR;
				CLANG_WARN_RANGE_LOOP_ANALYSIS = YES;
				CLANG_WARN_STRICT_PROTOTYPES = YES;
				CLANG_WARN_SUSPICIOUS_MOVE = YES;
				CLANG_WARN_UNGUARDED_AVAILABILITY = YES_AGGRESSIVE;
				CLANG_WARN_UNREACHABLE_CODE = YES;
				CLANG_WARN__DUPLICATE_METHOD_MATCH = YES;
				COPY_PHASE_STRIP = NO;
				DEBUG_INFORMATION_FORMAT = "dwarf-with-dsym";
				ENABLE_NS_ASSERTIONS = NO;
				ENABLE_STRICT_OBJC_MSGSEND = YES;
				GCC_C_LANGUAGE_STANDARD = gnu11;
				GCC_NO_COMMON_BLOCKS = YES;
				GCC_PREPROCESSOR_DEFINITIONS = (
					"POD_CONFIGURATION_RELEASE=1",
					"$(inherited)",
				);
				GCC_WARN_64_TO_32_BIT_CONVERSION = YES;
				GCC_WARN_ABOUT_RETURN_TYPE = YES_ERROR;
				GCC_WARN_UNDECLARED_SELECTOR = YES;
				GCC_WARN_UNINITIALIZED_AUTOS = YES_AGGRESSIVE;
				GCC_WARN_UNUSED_FUNCTION = YES;
				GCC_WARN_UNUSED_VARIABLE = YES;
				IPHONEOS_DEPLOYMENT_TARGET = 9.3;
				MTL_ENABLE_DEBUG_INFO = NO;
				MTL_FAST_MATH = YES;
				PRODUCT_NAME = "$(TARGET_NAME)";
				STRIP_INSTALLED_PRODUCT = NO;
				SWIFT_OPTIMIZATION_LEVEL = "-Owholemodule";
				SWIFT_VERSION = 5.0;
				SYMROOT = "${SRCROOT}/../build";
			};
			name = Release;
		};
		B687DBEA23E92E6545EADCE0A5EFE0AA /* Release */ = {
			isa = XCBuildConfiguration;
			baseConfigurationReference = 6E3593950CC1F314598EA03A50C77310 /* Pods-MGRSConverter_Example.release.xcconfig */;
			buildSettings = {
				ALWAYS_EMBED_SWIFT_STANDARD_LIBRARIES = NO;
				CODE_SIGN_IDENTITY = "";
				"CODE_SIGN_IDENTITY[sdk=appletvos*]" = "";
				"CODE_SIGN_IDENTITY[sdk=iphoneos*]" = "";
				"CODE_SIGN_IDENTITY[sdk=watchos*]" = "";
				CURRENT_PROJECT_VERSION = 1;
				DEFINES_MODULE = YES;
				DYLIB_COMPATIBILITY_VERSION = 1;
				DYLIB_CURRENT_VERSION = 1;
				DYLIB_INSTALL_NAME_BASE = "@rpath";
				INFOPLIST_FILE = "Target Support Files/Pods-MGRSConverter_Example/Pods-MGRSConverter_Example-Info.plist";
				INSTALL_PATH = "$(LOCAL_LIBRARY_DIR)/Frameworks";
				IPHONEOS_DEPLOYMENT_TARGET = 9.3;
				LD_RUNPATH_SEARCH_PATHS = "$(inherited) @executable_path/Frameworks @loader_path/Frameworks";
				MACH_O_TYPE = staticlib;
				MODULEMAP_FILE = "Target Support Files/Pods-MGRSConverter_Example/Pods-MGRSConverter_Example.modulemap";
				OTHER_LDFLAGS = "";
				OTHER_LIBTOOLFLAGS = "";
				PODS_ROOT = "$(SRCROOT)";
				PRODUCT_BUNDLE_IDENTIFIER = "org.cocoapods.${PRODUCT_NAME:rfc1034identifier}";
				PRODUCT_NAME = "$(TARGET_NAME:c99extidentifier)";
				SDKROOT = iphoneos;
				SKIP_INSTALL = YES;
				TARGETED_DEVICE_FAMILY = "1,2";
				VALIDATE_PRODUCT = YES;
				VERSIONING_SYSTEM = "apple-generic";
				VERSION_INFO_PREFIX = "";
			};
			name = Release;
		};
		B8BCBD0110C2658BB5DAADB9B7D97B92 /* Debug */ = {
			isa = XCBuildConfiguration;
			buildSettings = {
				ALWAYS_SEARCH_USER_PATHS = NO;
				CLANG_ANALYZER_NONNULL = YES;
				CLANG_ANALYZER_NUMBER_OBJECT_CONVERSION = YES_AGGRESSIVE;
				CLANG_CXX_LANGUAGE_STANDARD = "gnu++14";
				CLANG_CXX_LIBRARY = "libc++";
				CLANG_ENABLE_MODULES = YES;
				CLANG_ENABLE_OBJC_ARC = YES;
				CLANG_ENABLE_OBJC_WEAK = YES;
				CLANG_WARN_BLOCK_CAPTURE_AUTORELEASING = YES;
				CLANG_WARN_BOOL_CONVERSION = YES;
				CLANG_WARN_COMMA = YES;
				CLANG_WARN_CONSTANT_CONVERSION = YES;
				CLANG_WARN_DEPRECATED_OBJC_IMPLEMENTATIONS = YES;
				CLANG_WARN_DIRECT_OBJC_ISA_USAGE = YES_ERROR;
				CLANG_WARN_DOCUMENTATION_COMMENTS = YES;
				CLANG_WARN_EMPTY_BODY = YES;
				CLANG_WARN_ENUM_CONVERSION = YES;
				CLANG_WARN_INFINITE_RECURSION = YES;
				CLANG_WARN_INT_CONVERSION = YES;
				CLANG_WARN_NON_LITERAL_NULL_CONVERSION = YES;
				CLANG_WARN_OBJC_IMPLICIT_RETAIN_SELF = YES;
				CLANG_WARN_OBJC_LITERAL_CONVERSION = YES;
				CLANG_WARN_OBJC_ROOT_CLASS = YES_ERROR;
				CLANG_WARN_RANGE_LOOP_ANALYSIS = YES;
				CLANG_WARN_STRICT_PROTOTYPES = YES;
				CLANG_WARN_SUSPICIOUS_MOVE = YES;
				CLANG_WARN_UNGUARDED_AVAILABILITY = YES_AGGRESSIVE;
				CLANG_WARN_UNREACHABLE_CODE = YES;
				CLANG_WARN__DUPLICATE_METHOD_MATCH = YES;
				COPY_PHASE_STRIP = NO;
				DEBUG_INFORMATION_FORMAT = dwarf;
				ENABLE_STRICT_OBJC_MSGSEND = YES;
				ENABLE_TESTABILITY = YES;
				GCC_C_LANGUAGE_STANDARD = gnu11;
				GCC_DYNAMIC_NO_PIC = NO;
				GCC_NO_COMMON_BLOCKS = YES;
				GCC_OPTIMIZATION_LEVEL = 0;
				GCC_PREPROCESSOR_DEFINITIONS = (
					"POD_CONFIGURATION_DEBUG=1",
					"DEBUG=1",
					"$(inherited)",
				);
				GCC_WARN_64_TO_32_BIT_CONVERSION = YES;
				GCC_WARN_ABOUT_RETURN_TYPE = YES_ERROR;
				GCC_WARN_UNDECLARED_SELECTOR = YES;
				GCC_WARN_UNINITIALIZED_AUTOS = YES_AGGRESSIVE;
				GCC_WARN_UNUSED_FUNCTION = YES;
				GCC_WARN_UNUSED_VARIABLE = YES;
				IPHONEOS_DEPLOYMENT_TARGET = 9.3;
				MTL_ENABLE_DEBUG_INFO = INCLUDE_SOURCE;
				MTL_FAST_MATH = YES;
				ONLY_ACTIVE_ARCH = YES;
				PRODUCT_NAME = "$(TARGET_NAME)";
				STRIP_INSTALLED_PRODUCT = NO;
				SWIFT_ACTIVE_COMPILATION_CONDITIONS = DEBUG;
				SWIFT_OPTIMIZATION_LEVEL = "-Onone";
				SWIFT_VERSION = 5.0;
				SYMROOT = "${SRCROOT}/../build";
			};
			name = Debug;
		};
/* End XCBuildConfiguration section */

/* Begin XCConfigurationList section */
		39694F054AB898CF134329B4704023EB /* Build configuration list for PBXNativeTarget "MGRSConverter" */ = {
			isa = XCConfigurationList;
			buildConfigurations = (
				85A36E6A99DA74095698D4A018F2508F /* Debug */,
				45CFC9D261E355199CCC044C903AB6E1 /* Release */,
			);
			defaultConfigurationIsVisible = 0;
			defaultConfigurationName = Release;
		};
		4821239608C13582E20E6DA73FD5F1F9 /* Build configuration list for PBXProject "Pods" */ = {
			isa = XCConfigurationList;
			buildConfigurations = (
				B8BCBD0110C2658BB5DAADB9B7D97B92 /* Debug */,
				B0087CB4594321EF41619F3181FE120E /* Release */,
			);
			defaultConfigurationIsVisible = 0;
			defaultConfigurationName = Release;
		};
		499AC19DB18C9630CD8E300CB73BAF77 /* Build configuration list for PBXNativeTarget "Pods-MGRSConverter_Example" */ = {
			isa = XCConfigurationList;
			buildConfigurations = (
				0A2BC938F04CCB2BB8E462D5CB8718A1 /* Debug */,
				B687DBEA23E92E6545EADCE0A5EFE0AA /* Release */,
			);
			defaultConfigurationIsVisible = 0;
			defaultConfigurationName = Release;
		};
/* End XCConfigurationList section */
	};
	rootObject = BFDFE7DC352907FC980B868725387E98 /* Project object */;
}
